schema: '2.0'
stages:
  data_injestion:
    cmd: python3 src/data_injestion.py
    deps:
    - path: src/data_injestion.py
      hash: md5
      md5: 67b45125501c0d75c2058f7c49511f93
      size: 3524
    params:
      params.yaml:
        data_injestion.test_size: 0.25
    outs:
    - path: data/raw
      hash: md5
      md5: ea483c1ec6438ed134abbb077e6bf258.dir
      size: 479272
      nfiles: 2
  preprocessing:
    cmd: python3 src/preprocessing.py
    deps:
    - path: data/raw
      hash: md5
      md5: ea483c1ec6438ed134abbb077e6bf258.dir
      size: 479272
      nfiles: 2
    - path: src/preprocessing.py
      hash: md5
      md5: aad9a021720004338d4c66a5692c26ce
      size: 3550
    outs:
    - path: data/interim
      hash: md5
      md5: c101c05da7d2c3c01faa316de93a39ac.dir
      size: 256164
      nfiles: 2
  feature_engineering:
    cmd: python3 src/feature_engineering.py
    deps:
    - path: data/interim
      hash: md5
      md5: c101c05da7d2c3c01faa316de93a39ac.dir
      size: 256164
      nfiles: 2
    - path: src/feature_engineering.py
      hash: md5
      md5: 18b544db7e21a0fb4c2389f096d22d53
      size: 3779
    params:
      params.yaml:
        feature_engineering.max_features: 100
    outs:
    - path: data/processed
      hash: md5
      md5: 4bd5013f2aea2c7bc7ba013e882ea15c.dir
      size: 2305640
      nfiles: 2
  model_training:
    cmd: python3 src/model_training.py
    deps:
    - path: data/processed
      hash: md5
      md5: 4bd5013f2aea2c7bc7ba013e882ea15c.dir
      size: 2305640
      nfiles: 2
    - path: src/model_training.py
      hash: md5
      md5: 4f90fa93f7729193eefd94090f8765b4
      size: 4120
    params:
      params.yaml:
        model_training.n_estimators: 100
        model_training.random_state: 20
    outs:
    - path: model
      hash: md5
      md5: 575b7f7120d68a1f8ca2da78aaebcbc0.dir
      size: 4995705
      nfiles: 1
  model_evaluation:
    cmd: python3 src/model_evaluation.py
    deps:
    - path: model
      hash: md5
      md5: 575b7f7120d68a1f8ca2da78aaebcbc0.dir
      size: 4995705
      nfiles: 1
    - path: src/model_evaluation.py
      hash: md5
      md5: 9554b6aa5dc1b33eeb2a5f5a3a3b2982
      size: 5136
    outs:
    - path: report
      hash: md5
      md5: 05cd22dbb4efe6f5dfc970e8d0849ad5.dir
      size: 140
      nfiles: 1
